
Microsoft Visual Studio Solution File, Format Version 12.00
# Visual Studio 15
VisualStudioVersion = 15.0.28307.572
MinimumVisualStudioVersion = 10.0.40219.1
Project("{FAE04EC0-301F-11D3-BF4B-00C04F79EFBC}") = "View", "View\View.csproj", "{EF63D51F-263D-4E93-B7FA-7B7E7334AC27}"
EndProject
Project("{FAE04EC0-301F-11D3-BF4B-00C04F79EFBC}") = "Model", "Model\Model.csproj", "{226860B6-C3A4-414B-B702-2C3CA6F1BB68}"
EndProject
Project("{FAE04EC0-301F-11D3-BF4B-00C04F79EFBC}") = "Repository", "Repository\Repository.csproj", "{6BCC5603-23D3-4933-A1DA-EB8B5F71745F}"
EndProject
Global
	GlobalSection(SolutionConfigurationPlatforms) = preSolution
		Debug|Any CPU = Debug|Any CPU
		Release|Any CPU = Release|Any CPU
	EndGlobalSection
	GlobalSection(ProjectConfigurationPlatforms) = postSolution
		{EF63D51F-263D-4E93-B7FA-7B7E7334AC27}.Debug|Any CPU.ActiveCfg = Debug|Any CPU
		{EF63D51F-263D-4E93-B7FA-7B7E7334AC27}.Debug|Any CPU.Build.0 = Debug|Any CPU
		{EF63D51F-263D-4E93-B7FA-7B7E7334AC27}.Release|Any CPU.ActiveCfg = Release|Any CPU
		{EF63D51F-263D-4E93-B7FA-7B7E7334AC27}.Release|Any CPU.Build.0 = Release|Any CPU
		{226860B6-C3A4-414B-B702-2C3CA6F1BB68}.Debug|Any CPU.ActiveCfg = Debug|Any CPU
		{226860B6-C3A4-414B-B702-2C3CA6F1BB68}.Debug|Any CPU.Build.0 = Debug|Any CPU
		{226860B6-C3A4-414B-B702-2C3CA6F1BB68}.Release|Any CPU.ActiveCfg = Release|Any CPU
		{226860B6-C3A4-414B-B702-2C3CA6F1BB68}.Release|Any CPU.Build.0 = Release|Any CPU
		{6BCC5603-23D3-4933-A1DA-EB8B5F71745F}.Debug|Any CPU.ActiveCfg = Debug|Any CPU
		{6BCC5603-23D3-4933-A1DA-EB8B5F71745F}.Debug|Any CPU.Build.0 = Debug|Any CPU
		{6BCC5603-23D3-4933-A1DA-EB8B5F71745F}.Release|Any CPU.ActiveCfg = Release|Any CPU
		{6BCC5603-23D3-4933-A1DA-EB8B5F71745F}.Release|Any CPU.Build.0 = Release|Any CPU
	EndGlobalSection
	GlobalSection(SolutionProperties) = preSolution
		HideSolutionNode = FALSE
	EndGlobalSection
	GlobalSection(ExtensibilityGlobals) = postSolution
		SolutionGuid = {A11FCE67-BC4E-42DB-BBCA-B5EC704B74A9}
	EndGlobalSection
EndGlobal
